
Microsoft Visual Studio Solution File, Format Version 12.00
# Visual Studio Version 17
VisualStudioVersion = 17.9.34701.34
MinimumVisualStudioVersion = 10.0.40219.1
Project("{9A19103F-16F7-4668-BE54-9A1E7A4F7556}") = "Course Enrollment Management APi", "Course Enrollment Management APi\Course Enrollment Management APi.csproj", "{8FFBD58E-655F-4813-A118-0D229E23F141}"
EndProject
Project("{9A19103F-16F7-4668-BE54-9A1E7A4F7556}") = "Entities", "Entities\Entities.csproj", "{1B3DF3B1-A48B-450A-986A-143C29D523B3}"
EndProject
Project("{9A19103F-16F7-4668-BE54-9A1E7A4F7556}") = "Repository", "Repository\Repository.csproj", "{7BF4A294-97E2-4F75-8C15-C7B5F47A8258}"
EndProject
Project("{9A19103F-16F7-4668-BE54-9A1E7A4F7556}") = "Application", "Application\Application.csproj", "{47FFF4E3-1874-4010-9B4B-99232695571A}"
EndProject
Project("{FAE04EC0-301F-11D3-BF4B-00C04F79EFBC}") = "Tests", "Tests\Tests.csproj", "{7F5FF997-AB0B-4563-B750-B9BDE200B1D1}"
EndProject
Global
	GlobalSection(SolutionConfigurationPlatforms) = preSolution
		Debug|Any CPU = Debug|Any CPU
		Release|Any CPU = Release|Any CPU
	EndGlobalSection
	GlobalSection(ProjectConfigurationPlatforms) = postSolution
		{8FFBD58E-655F-4813-A118-0D229E23F141}.Debug|Any CPU.ActiveCfg = Debug|Any CPU
		{8FFBD58E-655F-4813-A118-0D229E23F141}.Debug|Any CPU.Build.0 = Debug|Any CPU
		{8FFBD58E-655F-4813-A118-0D229E23F141}.Release|Any CPU.ActiveCfg = Release|Any CPU
		{8FFBD58E-655F-4813-A118-0D229E23F141}.Release|Any CPU.Build.0 = Release|Any CPU
		{1B3DF3B1-A48B-450A-986A-143C29D523B3}.Debug|Any CPU.ActiveCfg = Debug|Any CPU
		{1B3DF3B1-A48B-450A-986A-143C29D523B3}.Debug|Any CPU.Build.0 = Debug|Any CPU
		{1B3DF3B1-A48B-450A-986A-143C29D523B3}.Release|Any CPU.ActiveCfg = Release|Any CPU
		{1B3DF3B1-A48B-450A-986A-143C29D523B3}.Release|Any CPU.Build.0 = Release|Any CPU
		{7BF4A294-97E2-4F75-8C15-C7B5F47A8258}.Debug|Any CPU.ActiveCfg = Debug|Any CPU
		{7BF4A294-97E2-4F75-8C15-C7B5F47A8258}.Debug|Any CPU.Build.0 = Debug|Any CPU
		{7BF4A294-97E2-4F75-8C15-C7B5F47A8258}.Release|Any CPU.ActiveCfg = Release|Any CPU
		{7BF4A294-97E2-4F75-8C15-C7B5F47A8258}.Release|Any CPU.Build.0 = Release|Any CPU
		{47FFF4E3-1874-4010-9B4B-99232695571A}.Debug|Any CPU.ActiveCfg = Debug|Any CPU
		{47FFF4E3-1874-4010-9B4B-99232695571A}.Debug|Any CPU.Build.0 = Debug|Any CPU
		{47FFF4E3-1874-4010-9B4B-99232695571A}.Release|Any CPU.ActiveCfg = Release|Any CPU
		{47FFF4E3-1874-4010-9B4B-99232695571A}.Release|Any CPU.Build.0 = Release|Any CPU
		{7F5FF997-AB0B-4563-B750-B9BDE200B1D1}.Debug|Any CPU.ActiveCfg = Debug|Any CPU
		{7F5FF997-AB0B-4563-B750-B9BDE200B1D1}.Debug|Any CPU.Build.0 = Debug|Any CPU
		{7F5FF997-AB0B-4563-B750-B9BDE200B1D1}.Release|Any CPU.ActiveCfg = Release|Any CPU
		{7F5FF997-AB0B-4563-B750-B9BDE200B1D1}.Release|Any CPU.Build.0 = Release|Any CPU
	EndGlobalSection
	GlobalSection(SolutionProperties) = preSolution
		HideSolutionNode = FALSE
	EndGlobalSection
	GlobalSection(ExtensibilityGlobals) = postSolution
		SolutionGuid = {45EC8B24-B27F-480A-A33C-F95620154B24}
	EndGlobalSection
EndGlobal
